
Microsoft Visual Studio Solution File, Format Version 12.00
# Visual Studio 15
VisualStudioVersion = 15.0.28307.539
MinimumVisualStudioVersion = 10.0.40219.1
Project("{FAE04EC0-301F-11D3-BF4B-00C04F79EFBC}") = "GroupDocs.Comparison.Cloud.Sdk", "GroupDocs.Comparison.Cloud.Sdk\GroupDocs.Comparison.Cloud.Sdk.csproj", "{4D7396D8-9015-4098-9356-77D6ADD69139}"
EndProject
Project("{FAE04EC0-301F-11D3-BF4B-00C04F79EFBC}") = "GroupDocs.Comparison.Cloud.Sdk.Test", "GroupDocs.Comparison.Cloud.Sdk.Test\GroupDocs.Comparison.Cloud.Sdk.Test.csproj", "{226F3046-B8D6-414F-A4B8-40BDE4EF3353}"
EndProject
Global
	GlobalSection(SolutionConfigurationPlatforms) = preSolution
		Debug|Any CPU = Debug|Any CPU
		Release|Any CPU = Release|Any CPU
	EndGlobalSection
	GlobalSection(ProjectConfigurationPlatforms) = postSolution
		{4D7396D8-9015-4098-9356-77D6ADD69139}.Debug|Any CPU.ActiveCfg = Debug|Any CPU
		{4D7396D8-9015-4098-9356-77D6ADD69139}.Debug|Any CPU.Build.0 = Debug|Any CPU
		{4D7396D8-9015-4098-9356-77D6ADD69139}.Release|Any CPU.ActiveCfg = Release|Any CPU
		{4D7396D8-9015-4098-9356-77D6ADD69139}.Release|Any CPU.Build.0 = Release|Any CPU
		{226F3046-B8D6-414F-A4B8-40BDE4EF3353}.Debug|Any CPU.ActiveCfg = Debug|Any CPU
		{226F3046-B8D6-414F-A4B8-40BDE4EF3353}.Debug|Any CPU.Build.0 = Debug|Any CPU
		{226F3046-B8D6-414F-A4B8-40BDE4EF3353}.Release|Any CPU.ActiveCfg = Release|Any CPU
		{226F3046-B8D6-414F-A4B8-40BDE4EF3353}.Release|Any CPU.Build.0 = Release|Any CPU
	EndGlobalSection
	GlobalSection(SolutionProperties) = preSolution
		HideSolutionNode = FALSE
	EndGlobalSection
	GlobalSection(ExtensibilityGlobals) = postSolution
		SolutionGuid = {0479651F-4CD1-4A63-8C49-A1448B4CEAF4}
	EndGlobalSection
EndGlobal
